
Microsoft Visual Studio Solution File, Format Version 12.00
# Visual Studio Version 17
VisualStudioVersion = 17.0.32014.148
MinimumVisualStudioVersion = 10.0.40219.1
Project("{FAE04EC0-301F-11D3-BF4B-00C04F79EFBC}") = "WebApplication1", "WebApplication1\WebApplication1.csproj", "{32BCB5CC-81B1-43E6-A3D8-7575A76AD231}"
EndProject
Global
	GlobalSection(SolutionConfigurationPlatforms) = preSolution
		Debug|Any CPU = Debug|Any CPU
		Release|Any CPU = Release|Any CPU
	EndGlobalSection
	GlobalSection(ProjectConfigurationPlatforms) = postSolution
		{32BCB5CC-81B1-43E6-A3D8-7575A76AD231}.Debug|Any CPU.ActiveCfg = Debug|Any CPU
		{32BCB5CC-81B1-43E6-A3D8-7575A76AD231}.Debug|Any CPU.Build.0 = Debug|Any CPU
		{32BCB5CC-81B1-43E6-A3D8-7575A76AD231}.Release|Any CPU.ActiveCfg = Release|Any CPU
		{32BCB5CC-81B1-43E6-A3D8-7575A76AD231}.Release|Any CPU.Build.0 = Release|Any CPU
	EndGlobalSection
	GlobalSection(SolutionProperties) = preSolution
		HideSolutionNode = FALSE
	EndGlobalSection
	GlobalSection(ExtensibilityGlobals) = postSolution
		SolutionGuid = {CE6A8A0E-F99C-49A3-882E-56AC0B82AC95}
	EndGlobalSection
EndGlobal
